{
  "name": "node-framework-stars",
  "version": "1.0.0",
  "lockfileVersion": 2,
  "requires": true,
  "packages": {
    "": {
      "name": "node-framework-stars",
      "version": "1.0.0",
      "license": "WTFPL",
      "dependencies": {
        "date-fns": "^2.26.0",
        "dotenv": "^10.0.0",
        "if-thursday": "^1.0.0",
        "undici": "^4.10.3"
      }
    },
    "node_modules/date-fns": {
      "version": "2.26.0",
      "resolved": "https://registry.npmjs.org/date-fns/-/date-fns-2.26.0.tgz",
      "integrity": "sha512-VQI812dRi3cusdY/fhoBKvc6l2W8BPWU1FNVnFH9Nttjx4AFBRzfSVb/Eyc7jBT6e9sg1XtAGsYpBQ6c/jygbg==",
      "engines": {
        "node": ">=0.11"
      },
      "funding": {
        "type": "opencollective",
        "url": "https://opencollective.com/date-fns"
      }
    },
    "node_modules/dotenv": {
      "version": "10.0.0",
      "resolved": "https://registry.npmjs.org/dotenv/-/dotenv-10.0.0.tgz",
      "integrity": "sha512-rlBi9d8jpv9Sf1klPjNfFAuWDjKLwTIJJ/VxtoTwIR6hnZxcEOQCZg2oIL3MWBYw5GpUDKOEnND7LXTbIpQ03Q==",
      "engines": {
        "node": ">=10"
      }
    },
    "node_modules/if-thursday": {
      "version": "1.0.0",
      "resolved": "https://registry.npmjs.org/if-thursday/-/if-thursday-1.0.0.tgz",
      "integrity": "sha512-YicBOM4A+T/7+Lg+pdTsLVaXUH+e2XoWypaBpzUEgHV1en64UIKfKMN6x4C2xq/84d6g20qHKEfYyChwDJX18Q=="
    },
    "node_modules/undici": {
      "version": "4.10.3",
      "resolved": "https://registry.npmjs.org/undici/-/undici-4.10.3.tgz",
      "integrity": "sha512-oMfhoSsFdu7ft+10gBpQ98gfIGT6qovXXRxYPOe07xfUJwpVTcFs0xvuAEpNqtObhf4HQWuMW5kWzaD768YS4Q==",
      "engines": {
        "node": ">=12.18"
      }
    }
  },
  "dependencies": {
    "date-fns": {
      "version": "2.26.0",
      "resolved": "https://registry.npmjs.org/date-fns/-/date-fns-2.26.0.tgz",
      "integrity": "sha512-VQI812dRi3cusdY/fhoBKvc6l2W8BPWU1FNVnFH9Nttjx4AFBRzfSVb/Eyc7jBT6e9sg1XtAGsYpBQ6c/jygbg=="
    },
    "dotenv": {
      "version": "10.0.0",
      "resolved": "https://registry.npmjs.org/dotenv/-/dotenv-10.0.0.tgz",
      "integrity": "sha512-rlBi9d8jpv9Sf1klPjNfFAuWDjKLwTIJJ/VxtoTwIR6hnZxcEOQCZg2oIL3MWBYw5GpUDKOEnND7LXTbIpQ03Q=="
    },
    "if-thursday": {
      "version": "1.0.0",
      "resolved": "https://registry.npmjs.org/if-thursday/-/if-thursday-1.0.0.tgz",
      "integrity": "sha512-YicBOM4A+T/7+Lg+pdTsLVaXUH+e2XoWypaBpzUEgHV1en64UIKfKMN6x4C2xq/84d6g20qHKEfYyChwDJX18Q=="
    },
    "undici": {
      "version": "4.10.3",
      "resolved": "https://registry.npmjs.org/undici/-/undici-4.10.3.tgz",
      "integrity": "sha512-oMfhoSsFdu7ft+10gBpQ98gfIGT6qovXXRxYPOe07xfUJwpVTcFs0xvuAEpNqtObhf4HQWuMW5kWzaD768YS4Q=="
    }
  }
}
