{
  "name": "node-framework-stars",
  "version": "1.0.0",
  "lockfileVersion": 3,
  "requires": true,
  "packages": {
    "": {
      "name": "node-framework-stars",
      "version": "1.0.0",
      "license": "WTFPL",
      "dependencies": {
        "dotenv": "16.4.5",
        "framework-stars": "github:vanodevium/framework-stars#main",
        "if-thursday": "1.0.2"
      }
    },
    "node_modules/date-fns": {
      "version": "3.6.0",
      "resolved": "https://registry.npmjs.org/date-fns/-/date-fns-3.6.0.tgz",
      "integrity": "sha512-fRHTG8g/Gif+kSh50gaGEdToemgfj74aRX3swtiouboip5JDLAyDE9F11nHMIcvOaXeOC6D7SpNhi7uFyB7Uww==",
      "license": "MIT",
      "funding": {
        "type": "github",
        "url": "https://github.com/sponsors/kossnocorp"
      }
    },
    "node_modules/dotenv": {
      "version": "16.4.5",
      "resolved": "https://registry.npmjs.org/dotenv/-/dotenv-16.4.5.tgz",
      "integrity": "sha512-ZmdL2rui+eB2YwhsWzjInR8LldtZHGDoQ1ugH85ppHKwpUHL7j7rN0Ti9NCnGiQbhaZ11FpR+7ao1dNsmduNUg==",
      "license": "BSD-2-Clause",
      "engines": {
        "node": ">=12"
      },
      "funding": {
        "url": "https://dotenvx.com"
      }
    },
    "node_modules/framework-stars": {
      "version": "1.0.0",
      "resolved": "git+ssh://git@github.com/vanodevium/framework-stars.git#5a379386ca16671e931292e807a81bb963df859e",
      "license": "WTFPL",
      "dependencies": {
        "date-fns": "3.6.0"
      }
    },
    "node_modules/if-thursday": {
      "version": "1.0.2",
      "resolved": "https://registry.npmjs.org/if-thursday/-/if-thursday-1.0.2.tgz",
      "integrity": "sha512-DLxcvic4oVTT6VLpatXLiYnw7kYw+dColuq8YQYuBKFvLkNyJmTMWEXjkG1KyUafofCOkvKH82rQKQLU8nk3OA==",
      "license": "MIT"
    }
  }
}
